
Microsoft Visual Studio Solution File, Format Version 12.00
Project("{2150E333-8FDC-42A3-9474-1A3956D46DE8}") = "AuthService", "AuthService\AuthService", "{C87BC74B-E899-44CC-849A-F6F0302912C6}"
EndProject
Project("{FAE04EC0-301F-11D3-BF4B-00C04F79EFBC}") = "AuthService.Domain", "AuthService\AuthService.Domain\AuthService.Domain.csproj", "{839A3697-F62D-4984-A856-496309AA1C01}"
EndProject
Project("{FAE04EC0-301F-11D3-BF4B-00C04F79EFBC}") = "AuthService.Api", "AuthService\AuthService.Api\AuthService.Api.csproj", "{CF18D788-AB18-42F6-8C10-DA7D26A1B9E0}"
EndProject
Project("{FAE04EC0-301F-11D3-BF4B-00C04F79EFBC}") = "AuthService.Infrastructure", "AuthService\AuthService.Infrastructure\AuthService.Infrastructure.csproj", "{5CAFE893-765D-4525-992E-D22E3775C52D}"
EndProject
Project("{FAE04EC0-301F-11D3-BF4B-00C04F79EFBC}") = "AuthService.Application", "AuthService\AuthService.Application\AuthService.Application.csproj", "{C970D09E-40A4-47DE-BE51-C1C58E221485}"
EndProject
Project("{2150E333-8FDC-42A3-9474-1A3956D46DE8}") = "AdminService", "AdminService\AdminService", "{F8930037-ACEE-4B43-82CE-79084C88DF0D}"
EndProject
Project("{FAE04EC0-301F-11D3-BF4B-00C04F79EFBC}") = "AdminService.Application", "AdminService\AdminService.Application\AdminService.Application.csproj", "{FF551BBC-C33F-48E7-BE8E-DB2B1D9EBB4C}"
EndProject
Project("{FAE04EC0-301F-11D3-BF4B-00C04F79EFBC}") = "AdminService.Api", "AdminService\AdminService.Api\AdminService.Api.csproj", "{2420A75F-44F2-45F4-8D0B-B50D3BBC2847}"
EndProject
Project("{FAE04EC0-301F-11D3-BF4B-00C04F79EFBC}") = "AdminService.Domain", "AdminService\AdminService.Domain\AdminService.Domain.csproj", "{0746A53B-E90E-49E5-9321-30A26376D57D}"
EndProject
Project("{FAE04EC0-301F-11D3-BF4B-00C04F79EFBC}") = "AdminService.Infrastructure", "AdminService\AdminService.Infrastructure\AdminService.Infrastructure.csproj", "{379BF380-8F34-40E5-9D1C-D5CE9FA8DB38}"
EndProject
Project("{FAE04EC0-301F-11D3-BF4B-00C04F79EFBC}") = "AuthService.Tests", "AuthService\AuthService.Tests\AuthService.Tests.csproj", "{094C830A-566E-47DD-B240-1A11BC87224A}"
EndProject
Project("{2150E333-8FDC-42A3-9474-1A3956D46DE8}") = "Gateway", "Gateway\Gateway", "{A68BD938-154E-4ECC-89DC-733C03A396B9}"
EndProject
Project("{FAE04EC0-301F-11D3-BF4B-00C04F79EFBC}") = "AuthService.Grpc", "AuthService\AuthService.Grpc\AuthService.Grpc.csproj", "{BA0AE003-8C41-45D4-AD88-4F9443E703AC}"
EndProject
Project("{FAE04EC0-301F-11D3-BF4B-00C04F79EFBC}") = "Gateway.Api", "Gateway\Gateway.Api\Gateway.Api.csproj", "{56E2FDDD-3A05-4434-B268-8BA6967D85D5}"
EndProject
Project("{FAE04EC0-301F-11D3-BF4B-00C04F79EFBC}") = "AdminService.Grpc", "AdminService\AdminService.Grpc\AdminService.Grpc.csproj", "{A8BAABA2-228D-480E-9786-82B0EF155788}"
EndProject
Global
	GlobalSection(SolutionConfigurationPlatforms) = preSolution
		Debug|Any CPU = Debug|Any CPU
		Release|Any CPU = Release|Any CPU
	EndGlobalSection
	GlobalSection(NestedProjects) = preSolution
		{839A3697-F62D-4984-A856-496309AA1C01} = {C87BC74B-E899-44CC-849A-F6F0302912C6}
		{CF18D788-AB18-42F6-8C10-DA7D26A1B9E0} = {C87BC74B-E899-44CC-849A-F6F0302912C6}
		{5CAFE893-765D-4525-992E-D22E3775C52D} = {C87BC74B-E899-44CC-849A-F6F0302912C6}
		{C970D09E-40A4-47DE-BE51-C1C58E221485} = {C87BC74B-E899-44CC-849A-F6F0302912C6}
		{FF551BBC-C33F-48E7-BE8E-DB2B1D9EBB4C} = {F8930037-ACEE-4B43-82CE-79084C88DF0D}
		{2420A75F-44F2-45F4-8D0B-B50D3BBC2847} = {F8930037-ACEE-4B43-82CE-79084C88DF0D}
		{0746A53B-E90E-49E5-9321-30A26376D57D} = {F8930037-ACEE-4B43-82CE-79084C88DF0D}
		{379BF380-8F34-40E5-9D1C-D5CE9FA8DB38} = {F8930037-ACEE-4B43-82CE-79084C88DF0D}
		{094C830A-566E-47DD-B240-1A11BC87224A} = {C87BC74B-E899-44CC-849A-F6F0302912C6}
		{BA0AE003-8C41-45D4-AD88-4F9443E703AC} = {C87BC74B-E899-44CC-849A-F6F0302912C6}
		{56E2FDDD-3A05-4434-B268-8BA6967D85D5} = {A68BD938-154E-4ECC-89DC-733C03A396B9}
		{A8BAABA2-228D-480E-9786-82B0EF155788} = {F8930037-ACEE-4B43-82CE-79084C88DF0D}
	EndGlobalSection
	GlobalSection(ProjectConfigurationPlatforms) = postSolution
		{839A3697-F62D-4984-A856-496309AA1C01}.Debug|Any CPU.ActiveCfg = Debug|Any CPU
		{839A3697-F62D-4984-A856-496309AA1C01}.Debug|Any CPU.Build.0 = Debug|Any CPU
		{839A3697-F62D-4984-A856-496309AA1C01}.Release|Any CPU.ActiveCfg = Release|Any CPU
		{839A3697-F62D-4984-A856-496309AA1C01}.Release|Any CPU.Build.0 = Release|Any CPU
		{CF18D788-AB18-42F6-8C10-DA7D26A1B9E0}.Debug|Any CPU.ActiveCfg = Debug|Any CPU
		{CF18D788-AB18-42F6-8C10-DA7D26A1B9E0}.Debug|Any CPU.Build.0 = Debug|Any CPU
		{CF18D788-AB18-42F6-8C10-DA7D26A1B9E0}.Release|Any CPU.ActiveCfg = Release|Any CPU
		{CF18D788-AB18-42F6-8C10-DA7D26A1B9E0}.Release|Any CPU.Build.0 = Release|Any CPU
		{5CAFE893-765D-4525-992E-D22E3775C52D}.Debug|Any CPU.ActiveCfg = Debug|Any CPU
		{5CAFE893-765D-4525-992E-D22E3775C52D}.Debug|Any CPU.Build.0 = Debug|Any CPU
		{5CAFE893-765D-4525-992E-D22E3775C52D}.Release|Any CPU.ActiveCfg = Release|Any CPU
		{5CAFE893-765D-4525-992E-D22E3775C52D}.Release|Any CPU.Build.0 = Release|Any CPU
		{C970D09E-40A4-47DE-BE51-C1C58E221485}.Debug|Any CPU.ActiveCfg = Debug|Any CPU
		{C970D09E-40A4-47DE-BE51-C1C58E221485}.Debug|Any CPU.Build.0 = Debug|Any CPU
		{C970D09E-40A4-47DE-BE51-C1C58E221485}.Release|Any CPU.ActiveCfg = Release|Any CPU
		{C970D09E-40A4-47DE-BE51-C1C58E221485}.Release|Any CPU.Build.0 = Release|Any CPU
		{FF551BBC-C33F-48E7-BE8E-DB2B1D9EBB4C}.Debug|Any CPU.ActiveCfg = Debug|Any CPU
		{FF551BBC-C33F-48E7-BE8E-DB2B1D9EBB4C}.Debug|Any CPU.Build.0 = Debug|Any CPU
		{FF551BBC-C33F-48E7-BE8E-DB2B1D9EBB4C}.Release|Any CPU.ActiveCfg = Release|Any CPU
		{FF551BBC-C33F-48E7-BE8E-DB2B1D9EBB4C}.Release|Any CPU.Build.0 = Release|Any CPU
		{2420A75F-44F2-45F4-8D0B-B50D3BBC2847}.Debug|Any CPU.ActiveCfg = Debug|Any CPU
		{2420A75F-44F2-45F4-8D0B-B50D3BBC2847}.Debug|Any CPU.Build.0 = Debug|Any CPU
		{2420A75F-44F2-45F4-8D0B-B50D3BBC2847}.Release|Any CPU.ActiveCfg = Release|Any CPU
		{2420A75F-44F2-45F4-8D0B-B50D3BBC2847}.Release|Any CPU.Build.0 = Release|Any CPU
		{0746A53B-E90E-49E5-9321-30A26376D57D}.Debug|Any CPU.ActiveCfg = Debug|Any CPU
		{0746A53B-E90E-49E5-9321-30A26376D57D}.Debug|Any CPU.Build.0 = Debug|Any CPU
		{0746A53B-E90E-49E5-9321-30A26376D57D}.Release|Any CPU.ActiveCfg = Release|Any CPU
		{0746A53B-E90E-49E5-9321-30A26376D57D}.Release|Any CPU.Build.0 = Release|Any CPU
		{379BF380-8F34-40E5-9D1C-D5CE9FA8DB38}.Debug|Any CPU.ActiveCfg = Debug|Any CPU
		{379BF380-8F34-40E5-9D1C-D5CE9FA8DB38}.Debug|Any CPU.Build.0 = Debug|Any CPU
		{379BF380-8F34-40E5-9D1C-D5CE9FA8DB38}.Release|Any CPU.ActiveCfg = Release|Any CPU
		{379BF380-8F34-40E5-9D1C-D5CE9FA8DB38}.Release|Any CPU.Build.0 = Release|Any CPU
		{094C830A-566E-47DD-B240-1A11BC87224A}.Debug|Any CPU.ActiveCfg = Debug|Any CPU
		{094C830A-566E-47DD-B240-1A11BC87224A}.Debug|Any CPU.Build.0 = Debug|Any CPU
		{094C830A-566E-47DD-B240-1A11BC87224A}.Release|Any CPU.ActiveCfg = Release|Any CPU
		{094C830A-566E-47DD-B240-1A11BC87224A}.Release|Any CPU.Build.0 = Release|Any CPU
		{BA0AE003-8C41-45D4-AD88-4F9443E703AC}.Debug|Any CPU.ActiveCfg = Debug|Any CPU
		{BA0AE003-8C41-45D4-AD88-4F9443E703AC}.Debug|Any CPU.Build.0 = Debug|Any CPU
		{BA0AE003-8C41-45D4-AD88-4F9443E703AC}.Release|Any CPU.ActiveCfg = Release|Any CPU
		{BA0AE003-8C41-45D4-AD88-4F9443E703AC}.Release|Any CPU.Build.0 = Release|Any CPU
		{56E2FDDD-3A05-4434-B268-8BA6967D85D5}.Debug|Any CPU.ActiveCfg = Debug|Any CPU
		{56E2FDDD-3A05-4434-B268-8BA6967D85D5}.Debug|Any CPU.Build.0 = Debug|Any CPU
		{56E2FDDD-3A05-4434-B268-8BA6967D85D5}.Release|Any CPU.ActiveCfg = Release|Any CPU
		{56E2FDDD-3A05-4434-B268-8BA6967D85D5}.Release|Any CPU.Build.0 = Release|Any CPU
		{A8BAABA2-228D-480E-9786-82B0EF155788}.Debug|Any CPU.ActiveCfg = Debug|Any CPU
		{A8BAABA2-228D-480E-9786-82B0EF155788}.Debug|Any CPU.Build.0 = Debug|Any CPU
		{A8BAABA2-228D-480E-9786-82B0EF155788}.Release|Any CPU.ActiveCfg = Release|Any CPU
		{A8BAABA2-228D-480E-9786-82B0EF155788}.Release|Any CPU.Build.0 = Release|Any CPU
	EndGlobalSection
EndGlobal
